# This file is automatically @generated by Cargo.
# It is not intended for manual editing.
version = 3

[[package]]
name = "autocfg"
version = "1.1.0"
source = "registry+https://github.com/rust-lang/crates.io-index"
checksum = "d468802bab17cbc0cc575e9b053f41e72aa36bfa6b7f55e3529ffa43161b97fa"

[[package]]
name = "base16ct"
version = "0.1.1"
source = "registry+https://github.com/rust-lang/crates.io-index"
checksum = "349a06037c7bf932dd7e7d1f653678b2038b9ad46a74102f1fc7bd7872678cce"

[[package]]
name = "base64ct"
version = "1.5.3"
source = "registry+https://github.com/rust-lang/crates.io-index"
checksum = "b645a089122eccb6111b4f81cbc1a49f5900ac4666bb93ac027feaecf15607bf"

[[package]]
name = "block-buffer"
version = "0.10.3"
source = "registry+https://github.com/rust-lang/crates.io-index"
checksum = "69cce20737498f97b993470a6e536b8523f0af7892a4f928cceb1ac5e52ebe7e"
dependencies = [
 "generic-array",
]

[[package]]
name = "cfg-if"
version = "1.0.0"
source = "registry+https://github.com/rust-lang/crates.io-index"
checksum = "baf1de4339761588bc0619e3cbc0120ee582ebb74b53b4efbf79117bd2da40fd"

[[package]]
name = "const-oid"
version = "0.9.0"
source = "registry+https://github.com/rust-lang/crates.io-index"
checksum = "722e23542a15cea1f65d4a1419c4cfd7a26706c70871a13a04238ca3f40f1661"

[[package]]
name = "core2"
version = "0.4.0"
source = "registry+https://github.com/rust-lang/crates.io-index"
checksum = "b49ba7ef1ad6107f8824dbe97de947cbaac53c44e7f9756a1fba0d37c1eec505"
dependencies = [
 "memchr",
]

[[package]]
name = "cpufeatures"
version = "0.2.5"
source = "registry+https://github.com/rust-lang/crates.io-index"
checksum = "28d997bd5e24a5928dd43e46dc529867e207907fe0b239c3477d924f7f2ca320"
dependencies = [
 "libc",
]

[[package]]
name = "crypto-bigint"
version = "0.4.9"
source = "registry+https://github.com/rust-lang/crates.io-index"
checksum = "ef2b4b23cddf68b89b8f8069890e8c270d54e2d5fe1b143820234805e4cb17ef"
dependencies = [
 "generic-array",
 "rand_core",
 "subtle",
 "zeroize",
]

[[package]]
name = "crypto-common"
version = "0.1.6"
source = "registry+https://github.com/rust-lang/crates.io-index"
checksum = "1bfb12502f3fc46cca1bb51ac28df9d618d813cdc3d2f25b9fe775a34af26bb3"
dependencies = [
 "generic-array",
 "typenum",
]

[[package]]
name = "darling"
version = "0.14.2"
source = "registry+https://github.com/rust-lang/crates.io-index"
checksum = "b0dd3cd20dc6b5a876612a6e5accfe7f3dd883db6d07acfbf14c128f61550dfa"
dependencies = [
 "darling_core",
 "darling_macro",
]

[[package]]
name = "darling_core"
version = "0.14.2"
source = "registry+https://github.com/rust-lang/crates.io-index"
checksum = "a784d2ccaf7c98501746bf0be29b2022ba41fd62a2e622af997a03e9f972859f"
dependencies = [
 "fnv",
 "ident_case",
 "proc-macro2",
 "quote",
 "strsim",
 "syn",
]

[[package]]
name = "darling_macro"
version = "0.14.2"
source = "registry+https://github.com/rust-lang/crates.io-index"
checksum = "7618812407e9402654622dd402b0a89dff9ba93badd6540781526117b92aab7e"
dependencies = [
 "darling_core",
 "quote",
 "syn",
]

[[package]]
name = "der"
version = "0.6.0"
source = "registry+https://github.com/rust-lang/crates.io-index"
checksum = "13dd2ae565c0a381dde7fade45fce95984c568bdcb4700a4fdbe3175e0380b2f"
dependencies = [
 "const-oid",
 "zeroize",
]

[[package]]
name = "digest"
version = "0.9.0"
source = "registry+https://github.com/rust-lang/crates.io-index"
checksum = "d3dd60d1080a57a05ab032377049e0591415d2b31afd7028356dbf3cc6dcb066"
dependencies = [
 "generic-array",
]

[[package]]
name = "digest"
version = "0.10.5"
source = "registry+https://github.com/rust-lang/crates.io-index"
checksum = "adfbc57365a37acbd2ebf2b64d7e69bb766e2fea813521ed536f5d0520dcf86c"
dependencies = [
 "block-buffer",
 "crypto-common",
 "subtle",
]

[[package]]
name = "ecdsa"
version = "0.14.8"
source = "registry+https://github.com/rust-lang/crates.io-index"
checksum = "413301934810f597c1d19ca71c8710e99a3f1ba28a0d2ebc01551a2daeea3c5c"
dependencies = [
 "der",
 "elliptic-curve",
 "rfc6979",
 "signature",
]

[[package]]
name = "educe"
version = "0.4.20"
source = "registry+https://github.com/rust-lang/crates.io-index"
checksum = "cb0188e3c3ba8df5753894d54461f0e39bc91741dc5b22e1c46999ec2c71f4e4"
dependencies = [
 "enum-ordinalize",
 "proc-macro2",
 "quote",
 "syn",
]

[[package]]
name = "elliptic-curve"
version = "0.12.3"
source = "registry+https://github.com/rust-lang/crates.io-index"
checksum = "e7bb888ab5300a19b8e5bceef25ac745ad065f3c9f7efc6de1b91958110891d3"
dependencies = [
 "base16ct",
 "crypto-bigint",
 "der",
 "digest 0.10.5",
 "ff",
 "generic-array",
 "group",
 "pkcs8",
 "rand_core",
 "sec1",
 "subtle",
 "zeroize",
]

[[package]]
name = "enum-ordinalize"
version = "3.1.12"
source = "registry+https://github.com/rust-lang/crates.io-index"
checksum = "a62bb1df8b45ecb7ffa78dca1c17a438fb193eb083db0b1b494d2a61bcb5096a"
dependencies = [
 "num-bigint",
 "num-traits",
 "proc-macro2",
 "quote",
 "rustc_version",
 "syn",
]

[[package]]
name = "ff"
version = "0.12.1"
source = "registry+https://github.com/rust-lang/crates.io-index"
checksum = "d013fc25338cc558c5c2cfbad646908fb23591e2404481826742b651c9af7160"
dependencies = [
 "rand_core",
 "subtle",
]

[[package]]
name = "fnv"
version = "1.0.7"
source = "registry+https://github.com/rust-lang/crates.io-index"
checksum = "3f9eec918d3f24069decb9af1554cad7c880e2da24a9afd88aca000531ab82c1"

[[package]]
name = "generic-array"
version = "0.14.6"
source = "registry+https://github.com/rust-lang/crates.io-index"
checksum = "bff49e947297f3312447abdca79f45f4738097cc82b06e72054d2223f601f1b9"
dependencies = [
 "typenum",
 "version_check",
]

[[package]]
name = "generic-ec"
version = "0.0.0"
source = "git+https://github.com/dfns-labs/generic-ec?branch=d#8e1c966d2995884a9c15b5decd7b5c02f4b4a1a4"
dependencies = [
 "generic-array",
 "generic-ec-core",
 "hex",
 "phantom-type",
 "rand_core",
 "serde",
 "serde_with",
 "subtle",
 "zeroize",
]

[[package]]
name = "generic-ec-core"
version = "0.1.0"
source = "git+https://github.com/dfns-labs/generic-ec?branch=d#8e1c966d2995884a9c15b5decd7b5c02f4b4a1a4"
dependencies = [
 "generic-array",
 "rand_core",
 "serde",
 "subtle",
 "zeroize",
]

[[package]]
name = "generic-ec-curves"
version = "0.1.0"
source = "git+https://github.com/dfns-labs/generic-ec?branch=d#8e1c966d2995884a9c15b5decd7b5c02f4b4a1a4"
dependencies = [
 "elliptic-curve",
 "generic-ec-core",
 "p256",
 "rand_core",
 "sha2",
 "subtle",
 "zeroize",
]

[[package]]
name = "getrandom"
version = "0.2.8"
source = "registry+https://github.com/rust-lang/crates.io-index"
checksum = "c05aeb6a22b8f62540c194aac980f2115af067bfe15a0734d7277a768d396b31"
dependencies = [
 "cfg-if",
 "libc",
 "wasi",
]

[[package]]
name = "glass_pumpkin"
version = "1.5.0"
source = "registry+https://github.com/rust-lang/crates.io-index"
checksum = "1b44974fc56b07c428059dbe44242ea9d89f09250d77a74c941e00c0ccd471d8"
dependencies = [
 "core2",
 "lazy_static",
 "num-bigint",
 "num-integer",
 "num-traits",
 "rand_core",
]

[[package]]
name = "group"
version = "0.12.1"
source = "registry+https://github.com/rust-lang/crates.io-index"
checksum = "5dfbfb3a6cfbd390d5c9564ab283a0349b9b9fcd46a706c1eb10e0db70bfbac7"
dependencies = [
 "ff",
 "rand_core",
 "subtle",
]

[[package]]
name = "hex"
version = "0.4.3"
source = "registry+https://github.com/rust-lang/crates.io-index"
checksum = "7f24254aa9a54b5c858eaee2f5bccdb46aaf0e486a595ed5fd8f86ba55232a70"

[[package]]
name = "hmac"
version = "0.12.1"
source = "registry+https://github.com/rust-lang/crates.io-index"
checksum = "6c49c37c09c17a53d937dfbb742eb3a961d65a994e6bcdcf37e7399d0cc8ab5e"
dependencies = [
 "digest 0.10.5",
]

[[package]]
name = "ident_case"
version = "1.0.1"
source = "registry+https://github.com/rust-lang/crates.io-index"
checksum = "b9e0384b61958566e926dc50660321d12159025e767c18e043daf26b70104c39"

[[package]]
name = "lazy_static"
version = "1.4.0"
source = "registry+https://github.com/rust-lang/crates.io-index"
checksum = "e2abad23fbc42b3700f2f279844dc832adb2b2eb069b2df918f455c4e18cc646"

[[package]]
name = "libc"
version = "0.2.137"
source = "registry+https://github.com/rust-lang/crates.io-index"
checksum = "fc7fcc620a3bff7cdd7a365be3376c97191aeaccc2a603e600951e452615bf89"

[[package]]
name = "libpaillier"
version = "0.5.0"
source = "registry+https://github.com/rust-lang/crates.io-index"
checksum = "1181151f174d449370cb6cf4472191f1b602e77ce233d1b314f8dbbecb3a4b16"
dependencies = [
 "digest 0.10.5",
 "serde",
 "serde_bare",
 "unknown_order",
 "zeroize",
]

[[package]]
name = "memchr"
version = "2.5.0"
source = "registry+https://github.com/rust-lang/crates.io-index"
checksum = "2dffe52ecf27772e601905b7522cb4ef790d2cc203488bbd0e2fe85fcb74566d"

[[package]]
name = "num-bigint"
version = "0.4.3"
source = "registry+https://github.com/rust-lang/crates.io-index"
checksum = "f93ab6289c7b344a8a9f60f88d80aa20032336fe78da341afc91c8a2341fc75f"
dependencies = [
 "autocfg",
 "num-integer",
 "num-traits",
 "rand",
]

[[package]]
name = "num-integer"
version = "0.1.45"
source = "registry+https://github.com/rust-lang/crates.io-index"
checksum = "225d3389fb3509a24c93f5c29eb6bde2586b98d9f016636dff58d7c6f7569cd9"
dependencies = [
 "autocfg",
 "num-traits",
]

[[package]]
name = "num-traits"
version = "0.2.15"
source = "registry+https://github.com/rust-lang/crates.io-index"
checksum = "578ede34cf02f8924ab9447f50c28075b4d3e5b269972345e7e0372b38c6cdcd"
dependencies = [
 "autocfg",
]

[[package]]
name = "p256"
version = "0.11.1"
source = "registry+https://github.com/rust-lang/crates.io-index"
checksum = "51f44edd08f51e2ade572f141051021c5af22677e42b7dd28a88155151c33594"
dependencies = [
 "ecdsa",
 "elliptic-curve",
 "sha2",
]

[[package]]
name = "paillier-zk"
version = "0.1.0"
dependencies = [
 "generic-ec",
 "generic-ec-core",
 "generic-ec-curves",
 "libpaillier",
 "rand_chacha",
 "rand_core",
 "sha2",
 "subtle",
 "zeroize",
]

[[package]]
name = "phantom-type"
version = "0.4.2"
source = "registry+https://github.com/rust-lang/crates.io-index"
checksum = "e68f5dc797c2a743e024e1c53215474598faf0408826a90249569ad7f47adeaa"
dependencies = [
 "educe",
]

[[package]]
name = "pkcs8"
version = "0.9.0"
source = "registry+https://github.com/rust-lang/crates.io-index"
checksum = "9eca2c590a5f85da82668fa685c09ce2888b9430e83299debf1f34b65fd4a4ba"
dependencies = [
 "der",
 "spki",
]

[[package]]
name = "ppv-lite86"
version = "0.2.17"
source = "registry+https://github.com/rust-lang/crates.io-index"
checksum = "5b40af805b3121feab8a3c29f04d8ad262fa8e0561883e7653e024ae4479e6de"

[[package]]
name = "proc-macro2"
version = "1.0.47"
source = "registry+https://github.com/rust-lang/crates.io-index"
checksum = "5ea3d908b0e36316caf9e9e2c4625cdde190a7e6f440d794667ed17a1855e725"
dependencies = [
 "unicode-ident",
]

[[package]]
name = "quote"
version = "1.0.21"
source = "registry+https://github.com/rust-lang/crates.io-index"
checksum = "bbe448f377a7d6961e30f5955f9b8d106c3f5e449d493ee1b125c1d43c2b5179"
dependencies = [
 "proc-macro2",
]

[[package]]
name = "rand"
version = "0.8.5"
source = "registry+https://github.com/rust-lang/crates.io-index"
checksum = "34af8d1a0e25924bc5b7c43c079c942339d8f0a8b57c39049bef581b46327404"
dependencies = [
 "libc",
 "rand_chacha",
 "rand_core",
]

[[package]]
name = "rand_chacha"
version = "0.3.1"
source = "registry+https://github.com/rust-lang/crates.io-index"
checksum = "e6c10a63a0fa32252be49d21e7709d4d4baf8d231c2dbce1eaa8141b9b127d88"
dependencies = [
 "ppv-lite86",
 "rand_core",
]

[[package]]
name = "rand_core"
version = "0.6.4"
source = "registry+https://github.com/rust-lang/crates.io-index"
checksum = "ec0be4795e2f6a28069bec0b5ff3e2ac9bafc99e6a9a7dc3547996c5c816922c"
dependencies = [
 "getrandom",
]

[[package]]
name = "rfc6979"
version = "0.3.1"
source = "registry+https://github.com/rust-lang/crates.io-index"
checksum = "7743f17af12fa0b03b803ba12cd6a8d9483a587e89c69445e3909655c0b9fabb"
dependencies = [
 "crypto-bigint",
 "hmac",
 "zeroize",
]

[[package]]
name = "rustc_version"
version = "0.4.0"
source = "registry+https://github.com/rust-lang/crates.io-index"
checksum = "bfa0f585226d2e68097d4f95d113b15b83a82e819ab25717ec0590d9584ef366"
dependencies = [
 "semver",
]

[[package]]
name = "sec1"
version = "0.3.0"
source = "registry+https://github.com/rust-lang/crates.io-index"
checksum = "3be24c1842290c45df0a7bf069e0c268a747ad05a192f2fd7dcfdbc1cba40928"
dependencies = [
 "base16ct",
 "der",
 "generic-array",
 "pkcs8",
 "subtle",
 "zeroize",
]

[[package]]
name = "semver"
version = "1.0.14"
source = "registry+https://github.com/rust-lang/crates.io-index"
checksum = "e25dfac463d778e353db5be2449d1cce89bd6fd23c9f1ea21310ce6e5a1b29c4"

[[package]]
name = "serde"
version = "1.0.147"
source = "registry+https://github.com/rust-lang/crates.io-index"
checksum = "d193d69bae983fc11a79df82342761dfbf28a99fc8d203dca4c3c1b590948965"
dependencies = [
 "serde_derive",
]

[[package]]
name = "serde_bare"
version = "0.5.0"
source = "registry+https://github.com/rust-lang/crates.io-index"
checksum = "51c55386eed0f1ae957b091dc2ca8122f287b60c79c774cbe3d5f2b69fded660"
dependencies = [
 "serde",
]

[[package]]
name = "serde_derive"
version = "1.0.147"
source = "registry+https://github.com/rust-lang/crates.io-index"
checksum = "4f1d362ca8fc9c3e3a7484440752472d68a6caa98f1ab81d99b5dfe517cec852"
dependencies = [
 "proc-macro2",
 "quote",
 "syn",
]

[[package]]
name = "serde_with"
version = "2.0.1"
source = "registry+https://github.com/rust-lang/crates.io-index"
checksum = "368f2d60d049ea019a84dcd6687b0d1e0030fe663ae105039bdf967ed5e6a9a7"
dependencies = [
 "serde",
 "serde_with_macros",
]

[[package]]
name = "serde_with_macros"
version = "2.0.1"
source = "registry+https://github.com/rust-lang/crates.io-index"
checksum = "1ccadfacf6cf10faad22bbadf55986bdd0856edfb5d9210aa1dcf1f516e84e93"
dependencies = [
 "darling",
 "proc-macro2",
 "quote",
 "syn",
]

[[package]]
name = "sha2"
version = "0.10.6"
source = "registry+https://github.com/rust-lang/crates.io-index"
checksum = "82e6b795fe2e3b1e845bafcb27aa35405c4d47cdfc92af5fc8d3002f76cebdc0"
dependencies = [
 "cfg-if",
 "cpufeatures",
 "digest 0.10.5",
]

[[package]]
name = "signature"
version = "1.6.4"
source = "registry+https://github.com/rust-lang/crates.io-index"
checksum = "74233d3b3b2f6d4b006dc19dee745e73e2a6bfb6f93607cd3b02bd5b00797d7c"
dependencies = [
 "digest 0.10.5",
 "rand_core",
]

[[package]]
name = "spki"
version = "0.6.0"
source = "registry+https://github.com/rust-lang/crates.io-index"
checksum = "67cf02bbac7a337dc36e4f5a693db6c21e7863f45070f7064577eb4367a3212b"
dependencies = [
 "base64ct",
 "der",
]

[[package]]
name = "strsim"
version = "0.10.0"
source = "registry+https://github.com/rust-lang/crates.io-index"
checksum = "73473c0e59e6d5812c5dfe2a064a6444949f089e20eec9a2e5506596494e4623"

[[package]]
name = "subtle"
version = "2.4.1"
source = "registry+https://github.com/rust-lang/crates.io-index"
checksum = "6bdef32e8150c2a081110b42772ffe7d7c9032b606bc226c8260fd97e0976601"

[[package]]
name = "syn"
version = "1.0.103"
source = "registry+https://github.com/rust-lang/crates.io-index"
checksum = "a864042229133ada95abf3b54fdc62ef5ccabe9515b64717bcb9a1919e59445d"
dependencies = [
 "proc-macro2",
 "quote",
 "unicode-ident",
]

[[package]]
name = "synstructure"
version = "0.12.6"
source = "registry+https://github.com/rust-lang/crates.io-index"
checksum = "f36bdaa60a83aca3921b5259d5400cbf5e90fc51931376a9bd4a0eb79aa7210f"
dependencies = [
 "proc-macro2",
 "quote",
 "syn",
 "unicode-xid",
]

[[package]]
name = "typenum"
version = "1.15.0"
source = "registry+https://github.com/rust-lang/crates.io-index"
checksum = "dcf81ac59edc17cc8697ff311e8f5ef2d99fcbd9817b34cec66f90b6c3dfd987"

[[package]]
name = "unicode-ident"
version = "1.0.5"
source = "registry+https://github.com/rust-lang/crates.io-index"
checksum = "6ceab39d59e4c9499d4e5a8ee0e2735b891bb7308ac83dfb4e80cad195c9f6f3"

[[package]]
name = "unicode-xid"
version = "0.2.4"
source = "registry+https://github.com/rust-lang/crates.io-index"
checksum = "f962df74c8c05a667b5ee8bcf162993134c104e96440b663c8daa176dc772d8c"

[[package]]
name = "unknown_order"
version = "0.6.0"
source = "registry+https://github.com/rust-lang/crates.io-index"
checksum = "f420886bb5b008cb452cda7b2280acff3090a2ca142bda2d82e9a06d3fa0979c"
dependencies = [
 "digest 0.9.0",
 "glass_pumpkin",
 "num-bigint",
 "num-integer",
 "num-traits",
 "rand",
 "serde",
 "subtle",
 "zeroize",
]

[[package]]
name = "version_check"
version = "0.9.4"
source = "registry+https://github.com/rust-lang/crates.io-index"
checksum = "49874b5167b65d7193b8aba1567f5c7d93d001cafc34600cee003eda787e483f"

[[package]]
name = "wasi"
version = "0.11.0+wasi-snapshot-preview1"
source = "registry+https://github.com/rust-lang/crates.io-index"
checksum = "9c8d87e72b64a3b4db28d11ce29237c246188f4f51057d65a7eab63b7987e423"

[[package]]
name = "zeroize"
version = "1.5.7"
source = "registry+https://github.com/rust-lang/crates.io-index"
checksum = "c394b5bd0c6f669e7275d9c20aa90ae064cb22e75a1cad54e1b34088034b149f"
dependencies = [
 "zeroize_derive",
]

[[package]]
name = "zeroize_derive"
version = "1.3.2"
source = "registry+https://github.com/rust-lang/crates.io-index"
checksum = "3f8f187641dad4f680d25c4bfc4225b418165984179f26ca76ec4fb6441d3a17"
dependencies = [
 "proc-macro2",
 "quote",
 "syn",
 "synstructure",
]
